{
  "requires": true,
  "lockfileVersion": 1,
  "dependencies": {
    "e": {
      "version": "0.2.0",
      "resolved": "https://registry.npmjs.org/e/-/e-0.2.0.tgz",
      "integrity": "sha512-+Pmk1Wh5M3HKmGkgmvuQfbDzmNbRbpHvjEORN8lW6Zc5Qo2HlTVgTQsbCw9y3V6J84LAy987QGRdZnJ8sBXjtw=="
    },
    "i": {
      "version": "0.3.6",
      "resolved": "https://registry.npmjs.org/i/-/i-0.3.6.tgz",
      "integrity": "sha1-2WyScyB28HJxG2sQ/X1PZa2O4j0="
    }
  }
}
